
Microsoft Visual Studio Solution File, Format Version 12.00
# Visual Studio Version 16
VisualStudioVersion = 16.0.31105.61
MinimumVisualStudioVersion = 10.0.40219.1
Project("{FAE04EC0-301F-11D3-BF4B-00C04F79EFBC}") = "Proiect simulator", "Proiect simulator.csproj", "{5C5D716C-B82D-482E-8402-4164DCB12094}"
EndProject
Global
	GlobalSection(SolutionConfigurationPlatforms) = preSolution
		Debug|Any CPU = Debug|Any CPU
		Release|Any CPU = Release|Any CPU
	EndGlobalSection
	GlobalSection(ProjectConfigurationPlatforms) = postSolution
		{5C5D716C-B82D-482E-8402-4164DCB12094}.Debug|Any CPU.ActiveCfg = Debug|Any CPU
		{5C5D716C-B82D-482E-8402-4164DCB12094}.Debug|Any CPU.Build.0 = Debug|Any CPU
		{5C5D716C-B82D-482E-8402-4164DCB12094}.Release|Any CPU.ActiveCfg = Release|Any CPU
		{5C5D716C-B82D-482E-8402-4164DCB12094}.Release|Any CPU.Build.0 = Release|Any CPU
	EndGlobalSection
	GlobalSection(SolutionProperties) = preSolution
		HideSolutionNode = FALSE
	EndGlobalSection
	GlobalSection(ExtensibilityGlobals) = postSolution
		SolutionGuid = {7D8727F7-7D2A-4E78-AFE5-D2BBD84FF300}
	EndGlobalSection
EndGlobal
