
Microsoft Visual Studio Solution File, Format Version 12.00
# Visual Studio Version 16
VisualStudioVersion = 16.0.30523.141
MinimumVisualStudioVersion = 10.0.40219.1
Project("{FAE04EC0-301F-11D3-BF4B-00C04F79EFBC}") = "WritingMethods_Simulator", "WritingMethods_Simulator.csproj", "{A5C2E582-2E01-4C24-B997-40B294685FE9}"
EndProject
Global
	GlobalSection(SolutionConfigurationPlatforms) = preSolution
		Debug|Any CPU = Debug|Any CPU
		Release|Any CPU = Release|Any CPU
	EndGlobalSection
	GlobalSection(ProjectConfigurationPlatforms) = postSolution
		{A5C2E582-2E01-4C24-B997-40B294685FE9}.Debug|Any CPU.ActiveCfg = Debug|Any CPU
		{A5C2E582-2E01-4C24-B997-40B294685FE9}.Debug|Any CPU.Build.0 = Debug|Any CPU
		{A5C2E582-2E01-4C24-B997-40B294685FE9}.Release|Any CPU.ActiveCfg = Release|Any CPU
		{A5C2E582-2E01-4C24-B997-40B294685FE9}.Release|Any CPU.Build.0 = Release|Any CPU
	EndGlobalSection
	GlobalSection(SolutionProperties) = preSolution
		HideSolutionNode = FALSE
	EndGlobalSection
	GlobalSection(ExtensibilityGlobals) = postSolution
		SolutionGuid = {988F7ED8-0919-4F2D-B25F-32A291A5AA39}
	EndGlobalSection
EndGlobal
